
Microsoft Visual Studio Solution File, Format Version 12.00
# Visual Studio Version 17
VisualStudioVersion = 17.3.32929.385
MinimumVisualStudioVersion = 10.0.40219.1
Project("{9A19103F-16F7-4668-BE54-9A1E7A4F7556}") = "TPPizza.DAL", "TPPizza.DAL\TPPizza.DAL.csproj", "{03F8D985-CD6A-47B1-A4EE-B6E4288FEB95}"
EndProject
Project("{9A19103F-16F7-4668-BE54-9A1E7A4F7556}") = "TPPizza.Business", "TPPizza.Business\TPPizza.Business.csproj", "{6B1A7AC1-5098-4DD0-AC1B-098089183FEE}"
EndProject
Project("{9A19103F-16F7-4668-BE54-9A1E7A4F7556}") = "TPPizza.Web", "TPPizza.Web\TPPizza.Web.csproj", "{83246E74-AB24-4E0C-A413-9E1D9E85520B}"
EndProject
Project("{9A19103F-16F7-4668-BE54-9A1E7A4F7556}") = "TPPizza.API", "TPPizza.API\TPPizza.API.csproj", "{F9123207-6A35-48F7-9B4A-3177934A0728}"
EndProject
Project("{2150E333-8FDC-42A3-9474-1A3956D46DE8}") = "Solution Items", "Solution Items", "{5259B5E4-9E16-4B83-92EE-59C49464061B}"
	ProjectSection(SolutionItems) = preProject
		.editorconfig = .editorconfig
	EndProjectSection
EndProject
Global
	GlobalSection(SolutionConfigurationPlatforms) = preSolution
		Debug|Any CPU = Debug|Any CPU
		Release|Any CPU = Release|Any CPU
	EndGlobalSection
	GlobalSection(ProjectConfigurationPlatforms) = postSolution
		{03F8D985-CD6A-47B1-A4EE-B6E4288FEB95}.Debug|Any CPU.ActiveCfg = Debug|Any CPU
		{03F8D985-CD6A-47B1-A4EE-B6E4288FEB95}.Debug|Any CPU.Build.0 = Debug|Any CPU
		{03F8D985-CD6A-47B1-A4EE-B6E4288FEB95}.Release|Any CPU.ActiveCfg = Release|Any CPU
		{03F8D985-CD6A-47B1-A4EE-B6E4288FEB95}.Release|Any CPU.Build.0 = Release|Any CPU
		{6B1A7AC1-5098-4DD0-AC1B-098089183FEE}.Debug|Any CPU.ActiveCfg = Debug|Any CPU
		{6B1A7AC1-5098-4DD0-AC1B-098089183FEE}.Debug|Any CPU.Build.0 = Debug|Any CPU
		{6B1A7AC1-5098-4DD0-AC1B-098089183FEE}.Release|Any CPU.ActiveCfg = Release|Any CPU
		{6B1A7AC1-5098-4DD0-AC1B-098089183FEE}.Release|Any CPU.Build.0 = Release|Any CPU
		{83246E74-AB24-4E0C-A413-9E1D9E85520B}.Debug|Any CPU.ActiveCfg = Debug|Any CPU
		{83246E74-AB24-4E0C-A413-9E1D9E85520B}.Debug|Any CPU.Build.0 = Debug|Any CPU
		{83246E74-AB24-4E0C-A413-9E1D9E85520B}.Release|Any CPU.ActiveCfg = Release|Any CPU
		{83246E74-AB24-4E0C-A413-9E1D9E85520B}.Release|Any CPU.Build.0 = Release|Any CPU
		{F9123207-6A35-48F7-9B4A-3177934A0728}.Debug|Any CPU.ActiveCfg = Debug|Any CPU
		{F9123207-6A35-48F7-9B4A-3177934A0728}.Debug|Any CPU.Build.0 = Debug|Any CPU
		{F9123207-6A35-48F7-9B4A-3177934A0728}.Release|Any CPU.ActiveCfg = Release|Any CPU
		{F9123207-6A35-48F7-9B4A-3177934A0728}.Release|Any CPU.Build.0 = Release|Any CPU
	EndGlobalSection
	GlobalSection(SolutionProperties) = preSolution
		HideSolutionNode = FALSE
	EndGlobalSection
	GlobalSection(ExtensibilityGlobals) = postSolution
		SolutionGuid = {32DB2CDE-D976-46DB-B4B8-1A62CA7D5E6F}
	EndGlobalSection
EndGlobal
